
Microsoft Visual Studio Solution File, Format Version 12.00
# Visual Studio 15
VisualStudioVersion = 15.0.27428.2005
MinimumVisualStudioVersion = 10.0.40219.1
Project("{FAE04EC0-301F-11D3-BF4B-00C04F79EFBC}") = "DhonniMeyeAPI", "DhonniMeyeAPI\DhonniMeyeAPI.csproj", "{597B222C-1026-4C40-8EB8-9CE9F37D0A91}"
EndProject
Project("{FAE04EC0-301F-11D3-BF4B-00C04F79EFBC}") = "DataAccess", "DataAccess\DataAccess.csproj", "{886FC9EC-CBCC-4024-9C4C-4D039437BDFE}"
EndProject
Global
	GlobalSection(SolutionConfigurationPlatforms) = preSolution
		Debug|Any CPU = Debug|Any CPU
		Release|Any CPU = Release|Any CPU
	EndGlobalSection
	GlobalSection(ProjectConfigurationPlatforms) = postSolution
		{597B222C-1026-4C40-8EB8-9CE9F37D0A91}.Debug|Any CPU.ActiveCfg = Debug|Any CPU
		{597B222C-1026-4C40-8EB8-9CE9F37D0A91}.Debug|Any CPU.Build.0 = Debug|Any CPU
		{597B222C-1026-4C40-8EB8-9CE9F37D0A91}.Release|Any CPU.ActiveCfg = Release|Any CPU
		{597B222C-1026-4C40-8EB8-9CE9F37D0A91}.Release|Any CPU.Build.0 = Release|Any CPU
		{886FC9EC-CBCC-4024-9C4C-4D039437BDFE}.Debug|Any CPU.ActiveCfg = Debug|Any CPU
		{886FC9EC-CBCC-4024-9C4C-4D039437BDFE}.Debug|Any CPU.Build.0 = Debug|Any CPU
		{886FC9EC-CBCC-4024-9C4C-4D039437BDFE}.Release|Any CPU.ActiveCfg = Release|Any CPU
		{886FC9EC-CBCC-4024-9C4C-4D039437BDFE}.Release|Any CPU.Build.0 = Release|Any CPU
	EndGlobalSection
	GlobalSection(SolutionProperties) = preSolution
		HideSolutionNode = FALSE
	EndGlobalSection
	GlobalSection(ExtensibilityGlobals) = postSolution
		SolutionGuid = {B3780B56-6645-487E-A599-061D7CE69F0F}
	EndGlobalSection
EndGlobal
